
Microsoft Visual Studio Solution File, Format Version 12.00
# Visual Studio Version 16
VisualStudioVersion = 16.0.30406.217
MinimumVisualStudioVersion = 10.0.40219.1
Project("{FAE04EC0-301F-11D3-BF4B-00C04F79EFBC}") = "Blockchain_v1", "Blockchain_v1\Blockchain_v1.csproj", "{655D6830-AC26-4808-AA86-BC4E386A175B}"
EndProject
Global
	GlobalSection(SolutionConfigurationPlatforms) = preSolution
		Debug|Any CPU = Debug|Any CPU
		Release|Any CPU = Release|Any CPU
	EndGlobalSection
	GlobalSection(ProjectConfigurationPlatforms) = postSolution
		{655D6830-AC26-4808-AA86-BC4E386A175B}.Debug|Any CPU.ActiveCfg = Debug|Any CPU
		{655D6830-AC26-4808-AA86-BC4E386A175B}.Debug|Any CPU.Build.0 = Debug|Any CPU
		{655D6830-AC26-4808-AA86-BC4E386A175B}.Release|Any CPU.ActiveCfg = Release|Any CPU
		{655D6830-AC26-4808-AA86-BC4E386A175B}.Release|Any CPU.Build.0 = Release|Any CPU
	EndGlobalSection
	GlobalSection(SolutionProperties) = preSolution
		HideSolutionNode = FALSE
	EndGlobalSection
	GlobalSection(ExtensibilityGlobals) = postSolution
		SolutionGuid = {6A0907EE-5E06-4AEB-A036-77B11551136F}
	EndGlobalSection
EndGlobal
